// !$*UTF8*$!
{
	archiveVersion = 1;
	classes = {
	};
	objectVersion = 50;
	objects = {

/* Begin PBXBuildFile section */
		5965C9DD24951B6200AC3005 /* ShadowOverview.swift in Sources */ = {isa = PBXBuildFile; fileRef = 5965C9DC24951B6200AC3005 /* ShadowOverview.swift */; };
		59C291A72493DFCB000EEA12 /* AppDelegate.swift in Sources */ = {isa = PBXBuildFile; fileRef = 59C291A62493DFCB000EEA12 /* AppDelegate.swift */; };
		59C291A92493DFCB000EEA12 /* SceneDelegate.swift in Sources */ = {isa = PBXBuildFile; fileRef = 59C291A82493DFCB000EEA12 /* SceneDelegate.swift */; };
		59C291AB2493DFCB000EEA12 /* ContentView.swift in Sources */ = {isa = PBXBuildFile; fileRef = 59C291AA2493DFCB000EEA12 /* ContentView.swift */; };
		59C291AD2493DFCC000EEA12 /* Assets.xcassets in Resources */ = {isa = PBXBuildFile; fileRef = 59C291AC2493DFCC000EEA12 /* Assets.xcassets */; };
		59C291B02493DFCC000EEA12 /* Preview Assets.xcassets in Resources */ = {isa = PBXBuildFile; fileRef = 59C291AF2493DFCC000EEA12 /* Preview Assets.xcassets */; };
		59C291B32493DFCC000EEA12 /* LaunchScreen.storyboard in Resources */ = {isa = PBXBuildFile; fileRef = 59C291B12493DFCC000EEA12 /* LaunchScreen.storyboard */; };
		59C291BC2493E059000EEA12 /* ColorExtension.swift in Sources */ = {isa = PBXBuildFile; fileRef = 59C291BB2493E059000EEA12 /* ColorExtension.swift */; };
		59C291BF2493E0BC000EEA12 /* ShadowExample1.swift in Sources */ = {isa = PBXBuildFile; fileRef = 59C291BE2493E0BC000EEA12 /* ShadowExample1.swift */; };
/* End PBXBuildFile section */

/* Begin PBXFileReference section */
		5965C9DC24951B6200AC3005 /* ShadowOverview.swift */ = {isa = PBXFileReference; lastKnownFileType = sourcecode.swift; path = ShadowOverview.swift; sourceTree = "<group>"; };
		59C291A32493DFCB000EEA12 /* WorkingWithShadows.app */ = {isa = PBXFileReference; explicitFileType = wrapper.application; includeInIndex = 0; path = WorkingWithShadows.app; sourceTree = BUILT_PRODUCTS_DIR; };
		59C291A62493DFCB000EEA12 /* AppDelegate.swift */ = {isa = PBXFileReference; lastKnownFileType = sourcecode.swift; path = AppDelegate.swift; sourceTree = "<group>"; };
		59C291A82493DFCB000EEA12 /* SceneDelegate.swift */ = {isa = PBXFileReference; lastKnownFileType = sourcecode.swift; path = SceneDelegate.swift; sourceTree = "<group>"; };
		59C291AA2493DFCB000EEA12 /* ContentView.swift */ = {isa = PBXFileReference; lastKnownFileType = sourcecode.swift; path = ContentView.swift; sourceTree = "<group>"; };
		59C291AC2493DFCC000EEA12 /* Assets.xcassets */ = {isa = PBXFileReference; lastKnownFileType = folder.assetcatalog; path = Assets.xcassets; sourceTree = "<group>"; };
		59C291AF2493DFCC000EEA12 /* Preview Assets.xcassets */ = {isa = PBXFileReference; lastKnownFileType = folder.assetcatalog; path = "Preview Assets.xcassets"; sourceTree = "<group>"; };
		59C291B22493DFCC000EEA12 /* Base */ = {isa = PBXFileReference; lastKnownFileType = file.storyboard; name = Base; path = Base.lproj/LaunchScreen.storyboard; sourceTree = "<group>"; };
		59C291B42493DFCC000EEA12 /* Info.plist */ = {isa = PBXFileReference; lastKnownFileType = text.plist.xml; path = Info.plist; sourceTree = "<group>"; };
		59C291BB2493E059000EEA12 /* ColorExtension.swift */ = {isa = PBXFileReference; lastKnownFileType = sourcecode.swift; path = ColorExtension.swift; sourceTree = "<group>"; };
		59C291BE2493E0BC000EEA12 /* ShadowExample1.swift */ = {isa = PBXFileReference; lastKnownFileType = sourcecode.swift; path = ShadowExample1.swift; sourceTree = "<group>"; };
/* End PBXFileReference section */

/* Begin PBXFrameworksBuildPhase section */
		59C291A02493DFCB000EEA12 /* Frameworks */ = {
			isa = PBXFrameworksBuildPhase;
			buildActionMask = 2147483647;
			files = (
			);
			runOnlyForDeploymentPostprocessing = 0;
		};
/* End PBXFrameworksBuildPhase section */

/* Begin PBXGroup section */
		59C2919A2493DFCB000EEA12 = {
			isa = PBXGroup;
			children = (
				59C291A52493DFCB000EEA12 /* WorkingWithShadows */,
				59C291A42493DFCB000EEA12 /* Products */,
			);
			sourceTree = "<group>";
		};
		59C291A42493DFCB000EEA12 /* Products */ = {
			isa = PBXGroup;
			children = (
				59C291A32493DFCB000EEA12 /* WorkingWithShadows.app */,
			);
			name = Products;
			sourceTree = "<group>";
		};
		59C291A52493DFCB000EEA12 /* WorkingWithShadows */ = {
			isa = PBXGroup;
			children = (
				59C291BA2493E03C000EEA12 /* Resources */,
				59C291BD2493E0A7000EEA12 /* ShadowViews */,
				59C291A62493DFCB000EEA12 /* AppDelegate.swift */,
				59C291A82493DFCB000EEA12 /* SceneDelegate.swift */,
				59C291AA2493DFCB000EEA12 /* ContentView.swift */,
				59C291AC2493DFCC000EEA12 /* Assets.xcassets */,
				59C291B12493DFCC000EEA12 /* LaunchScreen.storyboard */,
				59C291B42493DFCC000EEA12 /* Info.plist */,
				59C291AE2493DFCC000EEA12 /* Preview Content */,
			);
			path = WorkingWithShadows;
			sourceTree = "<group>";
		};
		59C291AE2493DFCC000EEA12 /* Preview Content */ = {
			isa = PBXGroup;
			children = (
				59C291AF2493DFCC000EEA12 /* Preview Assets.xcassets */,
			);
			path = "Preview Content";
			sourceTree = "<group>";
		};
		59C291BA2493E03C000EEA12 /* Resources */ = {
			isa = PBXGroup;
			children = (
				59C291BB2493E059000EEA12 /* ColorExtension.swift */,
			);
			path = Resources;
			sourceTree = "<group>";
		};
		59C291BD2493E0A7000EEA12 /* ShadowViews */ = {
			isa = PBXGroup;
			children = (
				5965C9DC24951B6200AC3005 /* ShadowOverview.swift */,
				59C291BE2493E0BC000EEA12 /* ShadowExample1.swift */,
			);
			path = ShadowViews;
			sourceTree = "<group>";
		};
/* End PBXGroup section */

/* Begin PBXNativeTarget section */
		59C291A22493DFCB000EEA12 /* WorkingWithShadows */ = {
			isa = PBXNativeTarget;
			buildConfigurationList = 59C291B72493DFCC000EEA12 /* Build configuration list for PBXNativeTarget "WorkingWithShadows" */;
			buildPhases = (
				59C2919F2493DFCB000EEA12 /* Sources */,
				59C291A02493DFCB000EEA12 /* Frameworks */,
				59C291A12493DFCB000EEA12 /* Resources */,
			);
			buildRules = (
			);
			dependencies = (
			);
			name = WorkingWithShadows;
			productName = WorkingWithShadows;
			productReference = 59C291A32493DFCB000EEA12 /* WorkingWithShadows.app */;
			productType = "com.apple.product-type.application";
		};
/* End PBXNativeTarget section */

/* Begin PBXProject section */
		59C2919B2493DFCB000EEA12 /* Project object */ = {
			isa = PBXProject;
			attributes = {
				LastSwiftUpdateCheck = 1150;
				LastUpgradeCheck = 1150;
				ORGANIZATIONNAME = "Mark Moeykens";
				TargetAttributes = {
					59C291A22493DFCB000EEA12 = {
						CreatedOnToolsVersion = 11.5;
					};
				};
			};
			buildConfigurationList = 59C2919E2493DFCB000EEA12 /* Build configuration list for PBXProject "WorkingWithShadows" */;
			compatibilityVersion = "Xcode 9.3";
			developmentRegion = en;
			hasScannedForEncodings = 0;
			knownRegions = (
				en,
				Base,
			);
			mainGroup = 59C2919A2493DFCB000EEA12;
			productRefGroup = 59C291A42493DFCB000EEA12 /* Products */;
			projectDirPath = "";
			projectRoot = "";
			targets = (
				59C291A22493DFCB000EEA12 /* WorkingWithShadows */,
			);
		};
/* End PBXProject section */

/* Begin PBXResourcesBuildPhase section */
		59C291A12493DFCB000EEA12 /* Resources */ = {
			isa = PBXResourcesBuildPhase;
			buildActionMask = 2147483647;
			files = (
				59C291B32493DFCC000EEA12 /* LaunchScreen.storyboard in Resources */,
				59C291B02493DFCC000EEA12 /* Preview Assets.xcassets in Resources */,
				59C291AD2493DFCC000EEA12 /* Assets.xcassets in Resources */,
			);
			runOnlyForDeploymentPostprocessing = 0;
		};
/* End PBXResourcesBuildPhase section */

/* Begin PBXSourcesBuildPhase section */
		59C2919F2493DFCB000EEA12 /* Sources */ = {
			isa = PBXSourcesBuildPhase;
			buildActionMask = 2147483647;
			files = (
				59C291BF2493E0BC000EEA12 /* ShadowExample1.swift in Sources */,
				59C291A72493DFCB000EEA12 /* AppDelegate.swift in Sources */,
				5965C9DD24951B6200AC3005 /* ShadowOverview.swift in Sources */,
				59C291A92493DFCB000EEA12 /* SceneDelegate.swift in Sources */,
				59C291AB2493DFCB000EEA12 /* ContentView.swift in Sources */,
				59C291BC2493E059000EEA12 /* ColorExtension.swift in Sources */,
			);
			runOnlyForDeploymentPostprocessing = 0;
		};
/* End PBXSourcesBuildPhase section */

/* Begin PBXVariantGroup section */
		59C291B12493DFCC000EEA12 /* LaunchScreen.storyboard */ = {
			isa = PBXVariantGroup;
			children = (
				59C291B22493DFCC000EEA12 /* Base */,
			);
			name = LaunchScreen.storyboard;
			sourceTree = "<group>";
		};
/* End PBXVariantGroup section */

/* Begin XCBuildConfiguration section */
		59C291B52493DFCC000EEA12 /* Debug */ = {
			isa = XCBuildConfiguration;
			buildSettings = {
				ALWAYS_SEARCH_USER_PATHS = NO;
				CLANG_ANALYZER_NONNULL = YES;
				CLANG_ANALYZER_NUMBER_OBJECT_CONVERSION = YES_AGGRESSIVE;
				CLANG_CXX_LANGUAGE_STANDARD = "gnu++14";
				CLANG_CXX_LIBRARY = "libc++";
				CLANG_ENABLE_MODULES = YES;
				CLANG_ENABLE_OBJC_ARC = YES;
				CLANG_ENABLE_OBJC_WEAK = YES;
				CLANG_WARN_BLOCK_CAPTURE_AUTORELEASING = YES;
				CLANG_WARN_BOOL_CONVERSION = YES;
				CLANG_WARN_COMMA = YES;
				CLANG_WARN_CONSTANT_CONVERSION = YES;
				CLANG_WARN_DEPRECATED_OBJC_IMPLEMENTATIONS = YES;
				CLANG_WARN_DIRECT_OBJC_ISA_USAGE = YES_ERROR;
				CLANG_WARN_DOCUMENTATION_COMMENTS = YES;
				CLANG_WARN_EMPTY_BODY = YES;
				CLANG_WARN_ENUM_CONVERSION = YES;
				CLANG_WARN_INFINITE_RECURSION = YES;
				CLANG_WARN_INT_CONVERSION = YES;
				CLANG_WARN_NON_LITERAL_NULL_CONVERSION = YES;
				CLANG_WARN_OBJC_IMPLICIT_RETAIN_SELF = YES;
				CLANG_WARN_OBJC_LITERAL_CONVERSION = YES;
				CLANG_WARN_OBJC_ROOT_CLASS = YES_ERROR;
				CLANG_WARN_RANGE_LOOP_ANALYSIS = YES;
				CLANG_WARN_STRICT_PROTOTYPES = YES;
				CLANG_WARN_SUSPICIOUS_MOVE = YES;
				CLANG_WARN_UNGUARDED_AVAILABILITY = YES_AGGRESSIVE;
				CLANG_WARN_UNREACHABLE_CODE = YES;
				CLANG_WARN__DUPLICATE_METHOD_MATCH = YES;
				COPY_PHASE_STRIP = NO;
				DEBUG_INFORMATION_FORMAT = dwarf;
				ENABLE_STRICT_OBJC_MSGSEND = YES;
				ENABLE_TESTABILITY = YES;
				GCC_C_LANGUAGE_STANDARD = gnu11;
				GCC_DYNAMIC_NO_PIC = NO;
				GCC_NO_COMMON_BLOCKS = YES;
				GCC_OPTIMIZATION_LEVEL = 0;
				GCC_PREPROCESSOR_DEFINITIONS = (
					"DEBUG=1",
					"$(inherited)",
				);
				GCC_WARN_64_TO_32_BIT_CONVERSION = YES;
				GCC_WARN_ABOUT_RETURN_TYPE = YES_ERROR;
				GCC_WARN_UNDECLARED_SELECTOR = YES;
				GCC_WARN_UNINITIALIZED_AUTOS = YES_AGGRESSIVE;
				GCC_WARN_UNUSED_FUNCTION = YES;
				GCC_WARN_UNUSED_VARIABLE = YES;
				IPHONEOS_DEPLOYMENT_TARGET = 13.5;
				MTL_ENABLE_DEBUG_INFO = INCLUDE_SOURCE;
				MTL_FAST_MATH = YES;
				ONLY_ACTIVE_ARCH = YES;
				SDKROOT = iphoneos;
				SWIFT_ACTIVE_COMPILATION_CONDITIONS = DEBUG;
				SWIFT_OPTIMIZATION_LEVEL = "-Onone";
			};
			name = Debug;
		};
		59C291B62493DFCC000EEA12 /* Release */ = {
			isa = XCBuildConfiguration;
			buildSettings = {
				ALWAYS_SEARCH_USER_PATHS = NO;
				CLANG_ANALYZER_NONNULL = YES;
				CLANG_ANALYZER_NUMBER_OBJECT_CONVERSION = YES_AGGRESSIVE;
				CLANG_CXX_LANGUAGE_STANDARD = "gnu++14";
				CLANG_CXX_LIBRARY = "libc++";
				CLANG_ENABLE_MODULES = YES;
				CLANG_ENABLE_OBJC_ARC = YES;
				CLANG_ENABLE_OBJC_WEAK = YES;
				CLANG_WARN_BLOCK_CAPTURE_AUTORELEASING = YES;
				CLANG_WARN_BOOL_CONVERSION = YES;
				CLANG_WARN_COMMA = YES;
				CLANG_WARN_CONSTANT_CONVERSION = YES;
				CLANG_WARN_DEPRECATED_OBJC_IMPLEMENTATIONS = YES;
				CLANG_WARN_DIRECT_OBJC_ISA_USAGE = YES_ERROR;
				CLANG_WARN_DOCUMENTATION_COMMENTS = YES;
				CLANG_WARN_EMPTY_BODY = YES;
				CLANG_WARN_ENUM_CONVERSION = YES;
				CLANG_WARN_INFINITE_RECURSION = YES;
				CLANG_WARN_INT_CONVERSION = YES;
				CLANG_WARN_NON_LITERAL_NULL_CONVERSION = YES;
				CLANG_WARN_OBJC_IMPLICIT_RETAIN_SELF = YES;
				CLANG_WARN_OBJC_LITERAL_CONVERSION = YES;
				CLANG_WARN_OBJC_ROOT_CLASS = YES_ERROR;
				CLANG_WARN_RANGE_LOOP_ANALYSIS = YES;
				CLANG_WARN_STRICT_PROTOTYPES = YES;
				CLANG_WARN_SUSPICIOUS_MOVE = YES;
				CLANG_WARN_UNGUARDED_AVAILABILITY = YES_AGGRESSIVE;
				CLANG_WARN_UNREACHABLE_CODE = YES;
				CLANG_WARN__DUPLICATE_METHOD_MATCH = YES;
				COPY_PHASE_STRIP = NO;
				DEBUG_INFORMATION_FORMAT = "dwarf-with-dsym";
				ENABLE_NS_ASSERTIONS = NO;
				ENABLE_STRICT_OBJC_MSGSEND = YES;
				GCC_C_LANGUAGE_STANDARD = gnu11;
				GCC_NO_COMMON_BLOCKS = YES;
				GCC_WARN_64_TO_32_BIT_CONVERSION = YES;
				GCC_WARN_ABOUT_RETURN_TYPE = YES_ERROR;
				GCC_WARN_UNDECLARED_SELECTOR = YES;
				GCC_WARN_UNINITIALIZED_AUTOS = YES_AGGRESSIVE;
				GCC_WARN_UNUSED_FUNCTION = YES;
				GCC_WARN_UNUSED_VARIABLE = YES;
				IPHONEOS_DEPLOYMENT_TARGET = 13.5;
				MTL_ENABLE_DEBUG_INFO = NO;
				MTL_FAST_MATH = YES;
				SDKROOT = iphoneos;
				SWIFT_COMPILATION_MODE = wholemodule;
				SWIFT_OPTIMIZATION_LEVEL = "-O";
				VALIDATE_PRODUCT = YES;
			};
			name = Release;
		};
		59C291B82493DFCC000EEA12 /* Debug */ = {
			isa = XCBuildConfiguration;
			buildSettings = {
				ASSETCATALOG_COMPILER_APPICON_NAME = AppIcon;
				CODE_SIGN_STYLE = Automatic;
				DEVELOPMENT_ASSET_PATHS = "\"WorkingWithShadows/Preview Content\"";
				DEVELOPMENT_TEAM = L2T9XB5368;
				ENABLE_PREVIEWS = YES;
				INFOPLIST_FILE = WorkingWithShadows/Info.plist;
				LD_RUNPATH_SEARCH_PATHS = (
					"$(inherited)",
					"@executable_path/Frameworks",
				);
				PRODUCT_BUNDLE_IDENTIFIER = com.bigmountainstudio.WorkingWithShadows;
				PRODUCT_NAME = "$(TARGET_NAME)";
				SWIFT_VERSION = 5.0;
				TARGETED_DEVICE_FAMILY = "1,2";
			};
			name = Debug;
		};
		59C291B92493DFCC000EEA12 /* Release */ = {
			isa = XCBuildConfiguration;
			buildSettings = {
				ASSETCATALOG_COMPILER_APPICON_NAME = AppIcon;
				CODE_SIGN_STYLE = Automatic;
				DEVELOPMENT_ASSET_PATHS = "\"WorkingWithShadows/Preview Content\"";
				DEVELOPMENT_TEAM = L2T9XB5368;
				ENABLE_PREVIEWS = YES;
				INFOPLIST_FILE = WorkingWithShadows/Info.plist;
				LD_RUNPATH_SEARCH_PATHS = (
					"$(inherited)",
					"@executable_path/Frameworks",
				);
				PRODUCT_BUNDLE_IDENTIFIER = com.bigmountainstudio.WorkingWithShadows;
				PRODUCT_NAME = "$(TARGET_NAME)";
				SWIFT_VERSION = 5.0;
				TARGETED_DEVICE_FAMILY = "1,2";
			};
			name = Release;
		};
/* End XCBuildConfiguration section */

/* Begin XCConfigurationList section */
		59C2919E2493DFCB000EEA12 /* Build configuration list for PBXProject "WorkingWithShadows" */ = {
			isa = XCConfigurationList;
			buildConfigurations = (
				59C291B52493DFCC000EEA12 /* Debug */,
				59C291B62493DFCC000EEA12 /* Release */,
			);
			defaultConfigurationIsVisible = 0;
			defaultConfigurationName = Release;
		};
		59C291B72493DFCC000EEA12 /* Build configuration list for PBXNativeTarget "WorkingWithShadows" */ = {
			isa = XCConfigurationList;
			buildConfigurations = (
				59C291B82493DFCC000EEA12 /* Debug */,
				59C291B92493DFCC000EEA12 /* Release */,
			);
			defaultConfigurationIsVisible = 0;
			defaultConfigurationName = Release;
		};
/* End XCConfigurationList section */
	};
	rootObject = 59C2919B2493DFCB000EEA12 /* Project object */;
}
